
Microsoft Visual Studio Solution File, Format Version 12.00
# Visual Studio Version 17
VisualStudioVersion = 17.11.35327.3
MinimumVisualStudioVersion = 10.0.40219.1
Project("{FAE04EC0-301F-11D3-BF4B-00C04F79EFBC}") = "ConsoleApp1", "ConsoleApp1\ConsoleApp1.csproj", "{5FD41493-897C-4A02-8D17-72B06075D8AF}"
EndProject
Global
	GlobalSection(SolutionConfigurationPlatforms) = preSolution
		Debug|Any CPU = Debug|Any CPU
		Release|Any CPU = Release|Any CPU
	EndGlobalSection
	GlobalSection(ProjectConfigurationPlatforms) = postSolution
		{5FD41493-897C-4A02-8D17-72B06075D8AF}.Debug|Any CPU.ActiveCfg = Debug|Any CPU
		{5FD41493-897C-4A02-8D17-72B06075D8AF}.Debug|Any CPU.Build.0 = Debug|Any CPU
		{5FD41493-897C-4A02-8D17-72B06075D8AF}.Release|Any CPU.ActiveCfg = Release|Any CPU
		{5FD41493-897C-4A02-8D17-72B06075D8AF}.Release|Any CPU.Build.0 = Release|Any CPU
	EndGlobalSection
	GlobalSection(SolutionProperties) = preSolution
		HideSolutionNode = FALSE
	EndGlobalSection
	GlobalSection(ExtensibilityGlobals) = postSolution
		SolutionGuid = {6A2560FB-5805-4843-8855-B2E225D97C6A}
	EndGlobalSection
EndGlobal
